
Microsoft Visual Studio Solution File, Format Version 12.00
# Visual Studio Version 16
VisualStudioVersion = 16.0.30711.63
MinimumVisualStudioVersion = 10.0.40219.1
Project("{FAE04EC0-301F-11D3-BF4B-00C04F79EFBC}") = "JogoDaVelha", "Jogo da Velha\JogoDaVelha.csproj", "{CFE5324D-A8BD-4585-8568-F714EAC72BFF}"
EndProject
Global
	GlobalSection(SolutionConfigurationPlatforms) = preSolution
		Debug|Any CPU = Debug|Any CPU
		Release|Any CPU = Release|Any CPU
	EndGlobalSection
	GlobalSection(ProjectConfigurationPlatforms) = postSolution
		{CFE5324D-A8BD-4585-8568-F714EAC72BFF}.Debug|Any CPU.ActiveCfg = Debug|Any CPU
		{CFE5324D-A8BD-4585-8568-F714EAC72BFF}.Debug|Any CPU.Build.0 = Debug|Any CPU
		{CFE5324D-A8BD-4585-8568-F714EAC72BFF}.Release|Any CPU.ActiveCfg = Release|Any CPU
		{CFE5324D-A8BD-4585-8568-F714EAC72BFF}.Release|Any CPU.Build.0 = Release|Any CPU
	EndGlobalSection
	GlobalSection(SolutionProperties) = preSolution
		HideSolutionNode = FALSE
	EndGlobalSection
	GlobalSection(ExtensibilityGlobals) = postSolution
		SolutionGuid = {C0291ED5-9819-4622-910A-680F2C9DCA85}
	EndGlobalSection
EndGlobal
